
Microsoft Visual Studio Solution File, Format Version 12.00
# Visual Studio Version 16
VisualStudioVersion = 16.0.28803.352
MinimumVisualStudioVersion = 10.0.40219.1
Project("{9A19103F-16F7-4668-BE54-9A1E7A4F7556}") = "ToysBids.BiddingService", "ToysBids.BiddingService\ToysBids.BiddingService.csproj", "{B45DB3CD-A71E-4C4D-BBDE-506EE70B5B7C}"
EndProject
Project("{FAE04EC0-301F-11D3-BF4B-00C04F79EFBC}") = "Armadar.Services.Helpers", "..\Armadar.Services.Helpers\Armadar.Services.Helpers\Armadar.Services.Helpers.csproj", "{9F5BDCEE-CC44-473A-81A3-D7879CEA450C}"
EndProject
Global
	GlobalSection(SolutionConfigurationPlatforms) = preSolution
		Debug|Any CPU = Debug|Any CPU
		Release|Any CPU = Release|Any CPU
	EndGlobalSection
	GlobalSection(ProjectConfigurationPlatforms) = postSolution
		{B45DB3CD-A71E-4C4D-BBDE-506EE70B5B7C}.Debug|Any CPU.ActiveCfg = Debug|Any CPU
		{B45DB3CD-A71E-4C4D-BBDE-506EE70B5B7C}.Debug|Any CPU.Build.0 = Debug|Any CPU
		{B45DB3CD-A71E-4C4D-BBDE-506EE70B5B7C}.Release|Any CPU.ActiveCfg = Release|Any CPU
		{B45DB3CD-A71E-4C4D-BBDE-506EE70B5B7C}.Release|Any CPU.Build.0 = Release|Any CPU
		{9F5BDCEE-CC44-473A-81A3-D7879CEA450C}.Debug|Any CPU.ActiveCfg = Debug|Any CPU
		{9F5BDCEE-CC44-473A-81A3-D7879CEA450C}.Debug|Any CPU.Build.0 = Debug|Any CPU
		{9F5BDCEE-CC44-473A-81A3-D7879CEA450C}.Release|Any CPU.ActiveCfg = Release|Any CPU
		{9F5BDCEE-CC44-473A-81A3-D7879CEA450C}.Release|Any CPU.Build.0 = Release|Any CPU
	EndGlobalSection
	GlobalSection(SolutionProperties) = preSolution
		HideSolutionNode = FALSE
	EndGlobalSection
	GlobalSection(ExtensibilityGlobals) = postSolution
		SolutionGuid = {CF44E3C9-0E03-40B1-A657-DDA692251005}
	EndGlobalSection
EndGlobal
